{
  "nodes": {
    "nixpkgs": {
      "locked": {
        "lastModified": 1737469691,
        "narHash": "sha256-nmKOgAU48S41dTPIXAq0AHZSehWUn6ZPrUKijHAMmIk=",
        "rev": "9e4d5190a9482a1fb9d18adf0bdb83c6e506eaab",
        "revCount": 742084,
        "type": "tarball",
        "url": "https://api.flakehub.com/f/pinned/NixOS/nixpkgs/0.1.742084%2Brev-9e4d5190a9482a1fb9d18adf0bdb83c6e506eaab/01948be7-3d96-7fe9-8413-24eb2af4d803/source.tar.gz"
      },
      "original": {
        "type": "tarball",
        "url": "https://flakehub.com/f/NixOS/nixpkgs/0.1.%2A.tar.gz"
      }
    },
    "root": {
      "inputs": {
        "nixpkgs": "nixpkgs",
        "rust-overlay": "rust-overlay"
      }
    },
    "rust-overlay": {
      "inputs": {
        "nixpkgs": [
          "nixpkgs"
        ]
      },
      "locked": {
        "lastModified": 1737512878,
        "narHash": "sha256-dgF6htdmfNnZzVInifks6npnCAyVsIHWSpWNs10RSW0=",
        "owner": "oxalica",
        "repo": "rust-overlay",
        "rev": "06b8ed0eee289fe94c66f1202ced9a6a2c59a14c",
        "type": "github"
      },
      "original": {
        "owner": "oxalica",
        "repo": "rust-overlay",
        "type": "github"
      }
    }
  },
  "root": "root",
  "version": 7
}
